// !$*UTF8*$!
{
	archiveVersion = 1;
	classes = {
	};
	objectVersion = 77;
	objects = {

/* Begin PBXBuildFile section */
		013E530C73BD5679E53A8AA8 /* FoundationServicesTests.swift in Sources */ = {isa = PBXBuildFile; fileRef = DE4E03C0CEE7D6E1FB180D26 /* FoundationServicesTests.swift */; };
		01F5660411AFF757B419984B /* PhotoEditState.swift in Sources */ = {isa = PBXBuildFile; fileRef = 3B9682F4368FE59D124D1D17 /* PhotoEditState.swift */; };
		0A976276A612EDABEAFCFB1E /* ThumbnailLoader.swift in Sources */ = {isa = PBXBuildFile; fileRef = AE861B7373C5C7C65AD1B405 /* ThumbnailLoader.swift */; };
		0DA2AAFE91A2C30C21398B3A /* libsqlite3.tbd in Frameworks */ = {isa = PBXBuildFile; fileRef = C5C6A58E982A21696BB9C067 /* libsqlite3.tbd */; };
		1E5172512057B74B41A94AAF /* RAWEditState.swift in Sources */ = {isa = PBXBuildFile; fileRef = 1F7EC1E4D244B5015CBCA56C /* RAWEditState.swift */; };
		238C42EF7EA4BA35AD57F9BD /* LibrarySidebar.swift in Sources */ = {isa = PBXBuildFile; fileRef = 9F86F312851CF430251B8EEA /* LibrarySidebar.swift */; };
		2CA9F679AA28DA40DFF2A200 /* PresetRepository.swift in Sources */ = {isa = PBXBuildFile; fileRef = C8D1654CCB9D9142CDE9B186 /* PresetRepository.swift */; };
		2EF45CC39F8F480CD6D7967E /* CatalogStoreTests.swift in Sources */ = {isa = PBXBuildFile; fileRef = DA4E7FB6BCF002084B6B8FCA /* CatalogStoreTests.swift */; };
		35799B232BC2ABA978C9CD36 /* PhotoBatchEditing.swift in Sources */ = {isa = PBXBuildFile; fileRef = 34283CAC15B2DEDAFCB64020 /* PhotoBatchEditing.swift */; };
		36435D85C22D820977C8FE05 /* BatchToolsView.swift in Sources */ = {isa = PBXBuildFile; fileRef = 575C46B5C9E47C00A1A8F15E /* BatchToolsView.swift */; };
		37302E7F5D3EAF1F56A42341 /* MacPhotoStudioApp.swift in Sources */ = {isa = PBXBuildFile; fileRef = 78DED69B086B20B81CA465BB /* MacPhotoStudioApp.swift */; };
		4038F1E5F57049CF0410CD6F /* CatalogMigration.swift in Sources */ = {isa = PBXBuildFile; fileRef = CAC9B75F126B9147EE1A85EC /* CatalogMigration.swift */; };
		48BA45D10A5F54C7B13CC880 /* BookmarkStore.swift in Sources */ = {isa = PBXBuildFile; fileRef = 1078ECBFC236980C141969F6 /* BookmarkStore.swift */; };
		574A59B363E525F8B6A17465 /* AssetBrowserView.swift in Sources */ = {isa = PBXBuildFile; fileRef = 52EFD24DADD1E07CD2B3220D /* AssetBrowserView.swift */; };
		61E5E3A800C6B0ED03A6AE09 /* CatalogStore.swift in Sources */ = {isa = PBXBuildFile; fileRef = 714C053FE3E16460F6D9C8E7 /* CatalogStore.swift */; };
		6222B2A686277A86C813669B /* RAWJPEGPairing.swift in Sources */ = {isa = PBXBuildFile; fileRef = 828290D177DB7F9B5734DBE7 /* RAWJPEGPairing.swift */; };
		636D8952A6E6364515ED947C /* LibraryHomeView.swift in Sources */ = {isa = PBXBuildFile; fileRef = EB7251D6D7F06DED153EC0D1 /* LibraryHomeView.swift */; };
		6956A63CB6AE3A40E6E6A7D7 /* RAWPhotoEditorView.swift in Sources */ = {isa = PBXBuildFile; fileRef = 0BD8C5E651464DE96B422800 /* RAWPhotoEditorView.swift */; };
		79D4C5F832A82E703CBE6A5C /* LibraryInspectorView.swift in Sources */ = {isa = PBXBuildFile; fileRef = E10CECF01992EA84786E75AD /* LibraryInspectorView.swift */; };
		7E75252EC4399E8328C4FB32 /* ThumbnailStore.swift in Sources */ = {isa = PBXBuildFile; fileRef = 4A6EFD92551C7575799B149B /* ThumbnailStore.swift */; };
		80BDE6F3D368CDFEF9B47F94 /* PhotoExportOptions.swift in Sources */ = {isa = PBXBuildFile; fileRef = 96506D27A280F2BF34DEFB8E /* PhotoExportOptions.swift */; };
		8355B475E67A478EEE96C013 /* CatalogModels.swift in Sources */ = {isa = PBXBuildFile; fileRef = 498BC16F3DE7AC336BA0153A /* CatalogModels.swift */; };
		93182D4623D9E7A5F524457F /* PhotoEditingTests.swift in Sources */ = {isa = PBXBuildFile; fileRef = 075B4115D6DDB1C4F4FFA86C /* PhotoEditingTests.swift */; };
		947ABC884FCF60218AEA81BB /* RAWImagePipeline.swift in Sources */ = {isa = PBXBuildFile; fileRef = 894B48CBFDB93F0118EA8DA9 /* RAWImagePipeline.swift */; };
		96EEA8E33AAC98AD7D05C9B7 /* MediaScannerTests.swift in Sources */ = {isa = PBXBuildFile; fileRef = 4184E3DD9D5FC8CA19D55928 /* MediaScannerTests.swift */; };
		9AA9C6C4FF4D289C5F9398C6 /* ApplicationModel.swift in Sources */ = {isa = PBXBuildFile; fileRef = 67C173E4222A8B55DAA80D09 /* ApplicationModel.swift */; };
		A13F2F03A8A014501652E4DA /* PhotoImagePipeline.swift in Sources */ = {isa = PBXBuildFile; fileRef = 2710AB6E9B0A303130D9CCB2 /* PhotoImagePipeline.swift */; };
		A863D6FFD80094DFEF6F6E5B /* MediaScanner.swift in Sources */ = {isa = PBXBuildFile; fileRef = B6FBDD5E73DA8C1F291D986D /* MediaScanner.swift */; };
		B40F99FBC1AAD902AE5E45B8 /* LibraryCatalogTests.swift in Sources */ = {isa = PBXBuildFile; fileRef = 3774B3DB008B559D3E5A09F2 /* LibraryCatalogTests.swift */; };
		B982E5EEAFEB07A05817C9D1 /* MediaRootStore.swift in Sources */ = {isa = PBXBuildFile; fileRef = FB57D52C2BD1DE1BEA63E554 /* MediaRootStore.swift */; };
		C4E4C81DF52D00F869948009 /* ScanCoordinator.swift in Sources */ = {isa = PBXBuildFile; fileRef = 2325DD61230BAF602472DE97 /* ScanCoordinator.swift */; };
		CAF982A7B33466F3AE6586CF /* AppLogger.swift in Sources */ = {isa = PBXBuildFile; fileRef = 9F7A4D7504F84F852D9D9998 /* AppLogger.swift */; };
		CFC844C79B1168F376C8890F /* SQLiteConnection.swift in Sources */ = {isa = PBXBuildFile; fileRef = D8DCCE9DCA615FEFE504D482 /* SQLiteConnection.swift */; };
		DBA26510024E937870AC7621 /* PhotoRenderers.swift in Sources */ = {isa = PBXBuildFile; fileRef = CCFA2A76F34BD1613E82D401 /* PhotoRenderers.swift */; };
		DBD3A8A56734244DA9BC4425 /* StudioError.swift in Sources */ = {isa = PBXBuildFile; fileRef = 0D77333C1FDB8A7645A978F7 /* StudioError.swift */; };
		DF0D1F5A53C0B72B9B995B84 /* BackgroundTaskCenter.swift in Sources */ = {isa = PBXBuildFile; fileRef = AC889170459152139A872729 /* BackgroundTaskCenter.swift */; };
		DF8674701F242EAE75A1B294 /* ScanControl.swift in Sources */ = {isa = PBXBuildFile; fileRef = D82FD80BD4A9E4EA94C756C1 /* ScanControl.swift */; };
		E314CB17978C42218662948A /* LUTRepository.swift in Sources */ = {isa = PBXBuildFile; fileRef = 12DE618A1E61690F787BD47B /* LUTRepository.swift */; };
		E8FE5671F36C112B499E0979 /* MediaMetadataExtractor.swift in Sources */ = {isa = PBXBuildFile; fileRef = C97D86CE6D4DB496A6949CAE /* MediaMetadataExtractor.swift */; };
		E9475AE7BCB6623DCBF9A709 /* ThumbnailLoaderTests.swift in Sources */ = {isa = PBXBuildFile; fileRef = AC6DB86DC433940227A338F8 /* ThumbnailLoaderTests.swift */; };
		EAEA6DCAFCE2CA9EDBCA0E72 /* PhotoEditorView.swift in Sources */ = {isa = PBXBuildFile; fileRef = F8B675C1906F7A568C2C1BE2 /* PhotoEditorView.swift */; };
		EAFB0A090487A7C9CD30EB73 /* CatalogPaths.swift in Sources */ = {isa = PBXBuildFile; fileRef = 163BA7295CE105D80B837A91 /* CatalogPaths.swift */; };
		EFA234327D9F661FDCCCF976 /* CatalogIndexingTests.swift in Sources */ = {isa = PBXBuildFile; fileRef = 1773731E31057E5241E7B6E8 /* CatalogIndexingTests.swift */; };
		F4F8CC28C8CBE781AF4687E6 /* CubeLUT.swift in Sources */ = {isa = PBXBuildFile; fileRef = 22D96CB051B42A5C5A85F23C /* CubeLUT.swift */; };
		FEA3FB36D13518F7DC203227 /* PhotoPreset.swift in Sources */ = {isa = PBXBuildFile; fileRef = 91FC8B9ABF39B23C03B797BC /* PhotoPreset.swift */; };
/* End PBXBuildFile section */

/* Begin PBXContainerItemProxy section */
		3F881E341BD9CE99540B6B9E /* PBXContainerItemProxy */ = {
			isa = PBXContainerItemProxy;
			containerPortal = D17E1751F82EB3DEC0D852A4 /* Project object */;
			proxyType = 1;
			remoteGlobalIDString = 9BC4143F4497B478AB1AB465;
			remoteInfo = MacPhotoStudio;
		};
/* End PBXContainerItemProxy section */

/* Begin PBXFileReference section */
		075B4115D6DDB1C4F4FFA86C /* PhotoEditingTests.swift */ = {isa = PBXFileReference; lastKnownFileType = sourcecode.swift; path = PhotoEditingTests.swift; sourceTree = "<group>"; };
		0BD8C5E651464DE96B422800 /* RAWPhotoEditorView.swift */ = {isa = PBXFileReference; lastKnownFileType = sourcecode.swift; path = RAWPhotoEditorView.swift; sourceTree = "<group>"; };
		0D77333C1FDB8A7645A978F7 /* StudioError.swift */ = {isa = PBXFileReference; lastKnownFileType = sourcecode.swift; path = StudioError.swift; sourceTree = "<group>"; };
		1078ECBFC236980C141969F6 /* BookmarkStore.swift */ = {isa = PBXFileReference; lastKnownFileType = sourcecode.swift; path = BookmarkStore.swift; sourceTree = "<group>"; };
		12DE618A1E61690F787BD47B /* LUTRepository.swift */ = {isa = PBXFileReference; lastKnownFileType = sourcecode.swift; path = LUTRepository.swift; sourceTree = "<group>"; };
		163BA7295CE105D80B837A91 /* CatalogPaths.swift */ = {isa = PBXFileReference; lastKnownFileType = sourcecode.swift; path = CatalogPaths.swift; sourceTree = "<group>"; };
		1773731E31057E5241E7B6E8 /* CatalogIndexingTests.swift */ = {isa = PBXFileReference; lastKnownFileType = sourcecode.swift; path = CatalogIndexingTests.swift; sourceTree = "<group>"; };
		1F7EC1E4D244B5015CBCA56C /* RAWEditState.swift */ = {isa = PBXFileReference; lastKnownFileType = sourcecode.swift; path = RAWEditState.swift; sourceTree = "<group>"; };
		22D96CB051B42A5C5A85F23C /* CubeLUT.swift */ = {isa = PBXFileReference; lastKnownFileType = sourcecode.swift; path = CubeLUT.swift; sourceTree = "<group>"; };
		2325DD61230BAF602472DE97 /* ScanCoordinator.swift */ = {isa = PBXFileReference; lastKnownFileType = sourcecode.swift; path = ScanCoordinator.swift; sourceTree = "<group>"; };
		2710AB6E9B0A303130D9CCB2 /* PhotoImagePipeline.swift */ = {isa = PBXFileReference; lastKnownFileType = sourcecode.swift; path = PhotoImagePipeline.swift; sourceTree = "<group>"; };
		34283CAC15B2DEDAFCB64020 /* PhotoBatchEditing.swift */ = {isa = PBXFileReference; lastKnownFileType = sourcecode.swift; path = PhotoBatchEditing.swift; sourceTree = "<group>"; };
		3774B3DB008B559D3E5A09F2 /* LibraryCatalogTests.swift */ = {isa = PBXFileReference; lastKnownFileType = sourcecode.swift; path = LibraryCatalogTests.swift; sourceTree = "<group>"; };
		3B9682F4368FE59D124D1D17 /* PhotoEditState.swift */ = {isa = PBXFileReference; lastKnownFileType = sourcecode.swift; path = PhotoEditState.swift; sourceTree = "<group>"; };
		4184E3DD9D5FC8CA19D55928 /* MediaScannerTests.swift */ = {isa = PBXFileReference; lastKnownFileType = sourcecode.swift; path = MediaScannerTests.swift; sourceTree = "<group>"; };
		46A98006E5E2ACB7EDB1CBBC /* MacPhotoStudio.app */ = {isa = PBXFileReference; explicitFileType = wrapper.application; includeInIndex = 0; path = MacPhotoStudio.app; sourceTree = BUILT_PRODUCTS_DIR; };
		498BC16F3DE7AC336BA0153A /* CatalogModels.swift */ = {isa = PBXFileReference; lastKnownFileType = sourcecode.swift; path = CatalogModels.swift; sourceTree = "<group>"; };
		4A6EFD92551C7575799B149B /* ThumbnailStore.swift */ = {isa = PBXFileReference; lastKnownFileType = sourcecode.swift; path = ThumbnailStore.swift; sourceTree = "<group>"; };
		52EFD24DADD1E07CD2B3220D /* AssetBrowserView.swift */ = {isa = PBXFileReference; lastKnownFileType = sourcecode.swift; path = AssetBrowserView.swift; sourceTree = "<group>"; };
		575C46B5C9E47C00A1A8F15E /* BatchToolsView.swift */ = {isa = PBXFileReference; lastKnownFileType = sourcecode.swift; path = BatchToolsView.swift; sourceTree = "<group>"; };
		67733C2CD6E46F2FA7319BCE /* MacPhotoStudio.entitlements */ = {isa = PBXFileReference; lastKnownFileType = text.plist.entitlements; path = MacPhotoStudio.entitlements; sourceTree = "<group>"; };
		67C173E4222A8B55DAA80D09 /* ApplicationModel.swift */ = {isa = PBXFileReference; lastKnownFileType = sourcecode.swift; path = ApplicationModel.swift; sourceTree = "<group>"; };
		714C053FE3E16460F6D9C8E7 /* CatalogStore.swift */ = {isa = PBXFileReference; lastKnownFileType = sourcecode.swift; path = CatalogStore.swift; sourceTree = "<group>"; };
		78DED69B086B20B81CA465BB /* MacPhotoStudioApp.swift */ = {isa = PBXFileReference; lastKnownFileType = sourcecode.swift; path = MacPhotoStudioApp.swift; sourceTree = "<group>"; };
		828290D177DB7F9B5734DBE7 /* RAWJPEGPairing.swift */ = {isa = PBXFileReference; lastKnownFileType = sourcecode.swift; path = RAWJPEGPairing.swift; sourceTree = "<group>"; };
		894B48CBFDB93F0118EA8DA9 /* RAWImagePipeline.swift */ = {isa = PBXFileReference; lastKnownFileType = sourcecode.swift; path = RAWImagePipeline.swift; sourceTree = "<group>"; };
		91FC8B9ABF39B23C03B797BC /* PhotoPreset.swift */ = {isa = PBXFileReference; lastKnownFileType = sourcecode.swift; path = PhotoPreset.swift; sourceTree = "<group>"; };
		96506D27A280F2BF34DEFB8E /* PhotoExportOptions.swift */ = {isa = PBXFileReference; lastKnownFileType = sourcecode.swift; path = PhotoExportOptions.swift; sourceTree = "<group>"; };
		9F7A4D7504F84F852D9D9998 /* AppLogger.swift */ = {isa = PBXFileReference; lastKnownFileType = sourcecode.swift; path = AppLogger.swift; sourceTree = "<group>"; };
		9F86F312851CF430251B8EEA /* LibrarySidebar.swift */ = {isa = PBXFileReference; lastKnownFileType = sourcecode.swift; path = LibrarySidebar.swift; sourceTree = "<group>"; };
		AC6DB86DC433940227A338F8 /* ThumbnailLoaderTests.swift */ = {isa = PBXFileReference; lastKnownFileType = sourcecode.swift; path = ThumbnailLoaderTests.swift; sourceTree = "<group>"; };
		AC889170459152139A872729 /* BackgroundTaskCenter.swift */ = {isa = PBXFileReference; lastKnownFileType = sourcecode.swift; path = BackgroundTaskCenter.swift; sourceTree = "<group>"; };
		ADEB2724FC2226C4CBC0407B /* MacPhotoStudioTests.xctest */ = {isa = PBXFileReference; explicitFileType = wrapper.cfbundle; includeInIndex = 0; path = MacPhotoStudioTests.xctest; sourceTree = BUILT_PRODUCTS_DIR; };
		AE861B7373C5C7C65AD1B405 /* ThumbnailLoader.swift */ = {isa = PBXFileReference; lastKnownFileType = sourcecode.swift; path = ThumbnailLoader.swift; sourceTree = "<group>"; };
		B6FBDD5E73DA8C1F291D986D /* MediaScanner.swift */ = {isa = PBXFileReference; lastKnownFileType = sourcecode.swift; path = MediaScanner.swift; sourceTree = "<group>"; };
		C5C6A58E982A21696BB9C067 /* libsqlite3.tbd */ = {isa = PBXFileReference; lastKnownFileType = "sourcecode.text-based-dylib-definition"; name = libsqlite3.tbd; path = usr/lib/libsqlite3.tbd; sourceTree = SDKROOT; };
		C8D1654CCB9D9142CDE9B186 /* PresetRepository.swift */ = {isa = PBXFileReference; lastKnownFileType = sourcecode.swift; path = PresetRepository.swift; sourceTree = "<group>"; };
		C97D86CE6D4DB496A6949CAE /* MediaMetadataExtractor.swift */ = {isa = PBXFileReference; lastKnownFileType = sourcecode.swift; path = MediaMetadataExtractor.swift; sourceTree = "<group>"; };
		CAC9B75F126B9147EE1A85EC /* CatalogMigration.swift */ = {isa = PBXFileReference; lastKnownFileType = sourcecode.swift; path = CatalogMigration.swift; sourceTree = "<group>"; };
		CCFA2A76F34BD1613E82D401 /* PhotoRenderers.swift */ = {isa = PBXFileReference; lastKnownFileType = sourcecode.swift; path = PhotoRenderers.swift; sourceTree = "<group>"; };
		D82FD80BD4A9E4EA94C756C1 /* ScanControl.swift */ = {isa = PBXFileReference; lastKnownFileType = sourcecode.swift; path = ScanControl.swift; sourceTree = "<group>"; };
		D8DCCE9DCA615FEFE504D482 /* SQLiteConnection.swift */ = {isa = PBXFileReference; lastKnownFileType = sourcecode.swift; path = SQLiteConnection.swift; sourceTree = "<group>"; };
		DA4E7FB6BCF002084B6B8FCA /* CatalogStoreTests.swift */ = {isa = PBXFileReference; lastKnownFileType = sourcecode.swift; path = CatalogStoreTests.swift; sourceTree = "<group>"; };
		DE4E03C0CEE7D6E1FB180D26 /* FoundationServicesTests.swift */ = {isa = PBXFileReference; lastKnownFileType = sourcecode.swift; path = FoundationServicesTests.swift; sourceTree = "<group>"; };
		E10CECF01992EA84786E75AD /* LibraryInspectorView.swift */ = {isa = PBXFileReference; lastKnownFileType = sourcecode.swift; path = LibraryInspectorView.swift; sourceTree = "<group>"; };
		EB7251D6D7F06DED153EC0D1 /* LibraryHomeView.swift */ = {isa = PBXFileReference; lastKnownFileType = sourcecode.swift; path = LibraryHomeView.swift; sourceTree = "<group>"; };
		F8B675C1906F7A568C2C1BE2 /* PhotoEditorView.swift */ = {isa = PBXFileReference; lastKnownFileType = sourcecode.swift; path = PhotoEditorView.swift; sourceTree = "<group>"; };
		FB57D52C2BD1DE1BEA63E554 /* MediaRootStore.swift */ = {isa = PBXFileReference; lastKnownFileType = sourcecode.swift; path = MediaRootStore.swift; sourceTree = "<group>"; };
/* End PBXFileReference section */

/* Begin PBXFrameworksBuildPhase section */
		230C9F4CDA715FD262382F52 /* Frameworks */ = {
			isa = PBXFrameworksBuildPhase;
			buildActionMask = 2147483647;
			files = (
				0DA2AAFE91A2C30C21398B3A /* libsqlite3.tbd in Frameworks */,
			);
			runOnlyForDeploymentPostprocessing = 0;
		};
/* End PBXFrameworksBuildPhase section */

/* Begin PBXGroup section */
		0654054828D3715C6AC7907B /* MacPhotoStudioTests */ = {
			isa = PBXGroup;
			children = (
				1773731E31057E5241E7B6E8 /* CatalogIndexingTests.swift */,
				DA4E7FB6BCF002084B6B8FCA /* CatalogStoreTests.swift */,
				DE4E03C0CEE7D6E1FB180D26 /* FoundationServicesTests.swift */,
				3774B3DB008B559D3E5A09F2 /* LibraryCatalogTests.swift */,
				4184E3DD9D5FC8CA19D55928 /* MediaScannerTests.swift */,
				075B4115D6DDB1C4F4FFA86C /* PhotoEditingTests.swift */,
				AC6DB86DC433940227A338F8 /* ThumbnailLoaderTests.swift */,
			);
			name = MacPhotoStudioTests;
			path = Tests/MacPhotoStudioTests;
			sourceTree = "<group>";
		};
		07D3FDDB27397DB0FCBB4275 /* Products */ = {
			isa = PBXGroup;
			children = (
				46A98006E5E2ACB7EDB1CBBC /* MacPhotoStudio.app */,
				ADEB2724FC2226C4CBC0407B /* MacPhotoStudioTests.xctest */,
			);
			name = Products;
			sourceTree = "<group>";
		};
		0E6EEDA90ED933CB11EF5472 /* Catalog */ = {
			isa = PBXGroup;
			children = (
				CAC9B75F126B9147EE1A85EC /* CatalogMigration.swift */,
				498BC16F3DE7AC336BA0153A /* CatalogModels.swift */,
				714C053FE3E16460F6D9C8E7 /* CatalogStore.swift */,
				D8DCCE9DCA615FEFE504D482 /* SQLiteConnection.swift */,
			);
			path = Catalog;
			sourceTree = "<group>";
		};
		2003B2EEF4FB6A619A67DE11 /* Export */ = {
			isa = PBXGroup;
			children = (
				96506D27A280F2BF34DEFB8E /* PhotoExportOptions.swift */,
			);
			path = Export;
			sourceTree = "<group>";
		};
		27BF195BDC8D4753BE4D030B /* Errors */ = {
			isa = PBXGroup;
			children = (
				0D77333C1FDB8A7645A978F7 /* StudioError.swift */,
			);
			path = Errors;
			sourceTree = "<group>";
		};
		6A232D18E11F711B2FC13F7E /* MacPhotoStudio */ = {
			isa = PBXGroup;
			children = (
				67733C2CD6E46F2FA7319BCE /* MacPhotoStudio.entitlements */,
				7112B7AB76E2701CAE3A5E4F /* App */,
				FA3A576C8405594CA81998B5 /* Core */,
				D6A0E516DE609051529E7B03 /* Features */,
			);
			path = MacPhotoStudio;
			sourceTree = "<group>";
		};
		7112B7AB76E2701CAE3A5E4F /* App */ = {
			isa = PBXGroup;
			children = (
				67C173E4222A8B55DAA80D09 /* ApplicationModel.swift */,
				78DED69B086B20B81CA465BB /* MacPhotoStudioApp.swift */,
			);
			path = App;
			sourceTree = "<group>";
		};
		92FB68D2D00D4E27FC275B4D /* Preset */ = {
			isa = PBXGroup;
			children = (
				34283CAC15B2DEDAFCB64020 /* PhotoBatchEditing.swift */,
				91FC8B9ABF39B23C03B797BC /* PhotoPreset.swift */,
				C8D1654CCB9D9142CDE9B186 /* PresetRepository.swift */,
			);
			path = Preset;
			sourceTree = "<group>";
		};
		9731BA73471F05FDCED64E26 /* Filesystem */ = {
			isa = PBXGroup;
			children = (
				1078ECBFC236980C141969F6 /* BookmarkStore.swift */,
				163BA7295CE105D80B837A91 /* CatalogPaths.swift */,
				FB57D52C2BD1DE1BEA63E554 /* MediaRootStore.swift */,
				B6FBDD5E73DA8C1F291D986D /* MediaScanner.swift */,
				D82FD80BD4A9E4EA94C756C1 /* ScanControl.swift */,
				2325DD61230BAF602472DE97 /* ScanCoordinator.swift */,
			);
			path = Filesystem;
			sourceTree = "<group>";
		};
		9C7BD12EEFF4E31AA58EEB0A /* PhotoEditor */ = {
			isa = PBXGroup;
			children = (
				F8B675C1906F7A568C2C1BE2 /* PhotoEditorView.swift */,
				0BD8C5E651464DE96B422800 /* RAWPhotoEditorView.swift */,
			);
			path = PhotoEditor;
			sourceTree = "<group>";
		};
		A336681166FCD7A7B4570B63 /* Imaging */ = {
			isa = PBXGroup;
			children = (
				3B9682F4368FE59D124D1D17 /* PhotoEditState.swift */,
				2710AB6E9B0A303130D9CCB2 /* PhotoImagePipeline.swift */,
				CCFA2A76F34BD1613E82D401 /* PhotoRenderers.swift */,
			);
			path = Imaging;
			sourceTree = "<group>";
		};
		A8C5F7AC429DC2A7B0C52BC9 /* RAW */ = {
			isa = PBXGroup;
			children = (
				1F7EC1E4D244B5015CBCA56C /* RAWEditState.swift */,
				894B48CBFDB93F0118EA8DA9 /* RAWImagePipeline.swift */,
				828290D177DB7F9B5734DBE7 /* RAWJPEGPairing.swift */,
			);
			path = RAW;
			sourceTree = "<group>";
		};
		AC43840B308DA4BE8ED1D0C0 /* Tasks */ = {
			isa = PBXGroup;
			children = (
				AC889170459152139A872729 /* BackgroundTaskCenter.swift */,
			);
			path = Tasks;
			sourceTree = "<group>";
		};
		B343B7C16B7D3D3100260397 /* Batch */ = {
			isa = PBXGroup;
			children = (
				575C46B5C9E47C00A1A8F15E /* BatchToolsView.swift */,
			);
			path = Batch;
			sourceTree = "<group>";
		};
		B5BD458AFB294B9F932D4724 /* LUT */ = {
			isa = PBXGroup;
			children = (
				22D96CB051B42A5C5A85F23C /* CubeLUT.swift */,
				12DE618A1E61690F787BD47B /* LUTRepository.swift */,
			);
			path = LUT;
			sourceTree = "<group>";
		};
		B80E1EE2B612916265DFB447 = {
			isa = PBXGroup;
			children = (
				6A232D18E11F711B2FC13F7E /* MacPhotoStudio */,
				0654054828D3715C6AC7907B /* MacPhotoStudioTests */,
				D17DEF7886CADA603260CE4E /* Frameworks */,
				07D3FDDB27397DB0FCBB4275 /* Products */,
			);
			sourceTree = "<group>";
		};
		D17DEF7886CADA603260CE4E /* Frameworks */ = {
			isa = PBXGroup;
			children = (
				C5C6A58E982A21696BB9C067 /* libsqlite3.tbd */,
			);
			name = Frameworks;
			sourceTree = "<group>";
		};
		D6A0E516DE609051529E7B03 /* Features */ = {
			isa = PBXGroup;
			children = (
				B343B7C16B7D3D3100260397 /* Batch */,
				D87B1CA34369E2CBA757BBCB /* Library */,
				9C7BD12EEFF4E31AA58EEB0A /* PhotoEditor */,
			);
			path = Features;
			sourceTree = "<group>";
		};
		D87B1CA34369E2CBA757BBCB /* Library */ = {
			isa = PBXGroup;
			children = (
				52EFD24DADD1E07CD2B3220D /* AssetBrowserView.swift */,
				EB7251D6D7F06DED153EC0D1 /* LibraryHomeView.swift */,
				E10CECF01992EA84786E75AD /* LibraryInspectorView.swift */,
				9F86F312851CF430251B8EEA /* LibrarySidebar.swift */,
			);
			path = Library;
			sourceTree = "<group>";
		};
		E311746184976C44D68816B1 /* Logging */ = {
			isa = PBXGroup;
			children = (
				9F7A4D7504F84F852D9D9998 /* AppLogger.swift */,
			);
			path = Logging;
			sourceTree = "<group>";
		};
		F9D5FC7996FD9840A00A4454 /* Metadata */ = {
			isa = PBXGroup;
			children = (
				C97D86CE6D4DB496A6949CAE /* MediaMetadataExtractor.swift */,
			);
			path = Metadata;
			sourceTree = "<group>";
		};
		FA3A576C8405594CA81998B5 /* Core */ = {
			isa = PBXGroup;
			children = (
				0E6EEDA90ED933CB11EF5472 /* Catalog */,
				27BF195BDC8D4753BE4D030B /* Errors */,
				2003B2EEF4FB6A619A67DE11 /* Export */,
				9731BA73471F05FDCED64E26 /* Filesystem */,
				A336681166FCD7A7B4570B63 /* Imaging */,
				E311746184976C44D68816B1 /* Logging */,
				B5BD458AFB294B9F932D4724 /* LUT */,
				F9D5FC7996FD9840A00A4454 /* Metadata */,
				92FB68D2D00D4E27FC275B4D /* Preset */,
				A8C5F7AC429DC2A7B0C52BC9 /* RAW */,
				AC43840B308DA4BE8ED1D0C0 /* Tasks */,
				FCBAE7A6E307C744290B789F /* Thumbnail */,
			);
			path = Core;
			sourceTree = "<group>";
		};
		FCBAE7A6E307C744290B789F /* Thumbnail */ = {
			isa = PBXGroup;
			children = (
				AE861B7373C5C7C65AD1B405 /* ThumbnailLoader.swift */,
				4A6EFD92551C7575799B149B /* ThumbnailStore.swift */,
			);
			path = Thumbnail;
			sourceTree = "<group>";
		};
/* End PBXGroup section */

/* Begin PBXNativeTarget section */
		12629D21B16A524F0E892687 /* MacPhotoStudioTests */ = {
			isa = PBXNativeTarget;
			buildConfigurationList = 0C13D7F01234C4652F38853D /* Build configuration list for PBXNativeTarget "MacPhotoStudioTests" */;
			buildPhases = (
				D1C8FD864CEFE6162F9E1AA9 /* Sources */,
			);
			buildRules = (
			);
			dependencies = (
				1583539E9F1457349C13144C /* PBXTargetDependency */,
			);
			name = MacPhotoStudioTests;
			packageProductDependencies = (
			);
			productName = MacPhotoStudioTests;
			productReference = ADEB2724FC2226C4CBC0407B /* MacPhotoStudioTests.xctest */;
			productType = "com.apple.product-type.bundle.unit-test";
		};
		9BC4143F4497B478AB1AB465 /* MacPhotoStudio */ = {
			isa = PBXNativeTarget;
			buildConfigurationList = A10E25DF9A82E8B01FCCC082 /* Build configuration list for PBXNativeTarget "MacPhotoStudio" */;
			buildPhases = (
				AB480E822FC26C9B1DCA9D4F /* Sources */,
				230C9F4CDA715FD262382F52 /* Frameworks */,
			);
			buildRules = (
			);
			dependencies = (
			);
			name = MacPhotoStudio;
			packageProductDependencies = (
			);
			productName = MacPhotoStudio;
			productReference = 46A98006E5E2ACB7EDB1CBBC /* MacPhotoStudio.app */;
			productType = "com.apple.product-type.application";
		};
/* End PBXNativeTarget section */

/* Begin PBXProject section */
		D17E1751F82EB3DEC0D852A4 /* Project object */ = {
			isa = PBXProject;
			attributes = {
				BuildIndependentTargetsInParallel = YES;
				LastUpgradeCheck = 1430;
				TargetAttributes = {
				};
			};
			buildConfigurationList = 7195361EC48B19C489C39DD8 /* Build configuration list for PBXProject "MacPhotoStudio" */;
			developmentRegion = en;
			hasScannedForEncodings = 0;
			knownRegions = (
				Base,
				en,
			);
			mainGroup = B80E1EE2B612916265DFB447;
			minimizedProjectReferenceProxies = 1;
			preferredProjectObjectVersion = 77;
			productRefGroup = 07D3FDDB27397DB0FCBB4275 /* Products */;
			projectDirPath = "";
			projectRoot = "";
			targets = (
				9BC4143F4497B478AB1AB465 /* MacPhotoStudio */,
				12629D21B16A524F0E892687 /* MacPhotoStudioTests */,
			);
		};
/* End PBXProject section */

/* Begin PBXSourcesBuildPhase section */
		AB480E822FC26C9B1DCA9D4F /* Sources */ = {
			isa = PBXSourcesBuildPhase;
			buildActionMask = 2147483647;
			files = (
				CAF982A7B33466F3AE6586CF /* AppLogger.swift in Sources */,
				9AA9C6C4FF4D289C5F9398C6 /* ApplicationModel.swift in Sources */,
				574A59B363E525F8B6A17465 /* AssetBrowserView.swift in Sources */,
				DF0D1F5A53C0B72B9B995B84 /* BackgroundTaskCenter.swift in Sources */,
				36435D85C22D820977C8FE05 /* BatchToolsView.swift in Sources */,
				48BA45D10A5F54C7B13CC880 /* BookmarkStore.swift in Sources */,
				4038F1E5F57049CF0410CD6F /* CatalogMigration.swift in Sources */,
				8355B475E67A478EEE96C013 /* CatalogModels.swift in Sources */,
				EAFB0A090487A7C9CD30EB73 /* CatalogPaths.swift in Sources */,
				61E5E3A800C6B0ED03A6AE09 /* CatalogStore.swift in Sources */,
				F4F8CC28C8CBE781AF4687E6 /* CubeLUT.swift in Sources */,
				E314CB17978C42218662948A /* LUTRepository.swift in Sources */,
				636D8952A6E6364515ED947C /* LibraryHomeView.swift in Sources */,
				79D4C5F832A82E703CBE6A5C /* LibraryInspectorView.swift in Sources */,
				238C42EF7EA4BA35AD57F9BD /* LibrarySidebar.swift in Sources */,
				37302E7F5D3EAF1F56A42341 /* MacPhotoStudioApp.swift in Sources */,
				E8FE5671F36C112B499E0979 /* MediaMetadataExtractor.swift in Sources */,
				B982E5EEAFEB07A05817C9D1 /* MediaRootStore.swift in Sources */,
				A863D6FFD80094DFEF6F6E5B /* MediaScanner.swift in Sources */,
				35799B232BC2ABA978C9CD36 /* PhotoBatchEditing.swift in Sources */,
				01F5660411AFF757B419984B /* PhotoEditState.swift in Sources */,
				EAEA6DCAFCE2CA9EDBCA0E72 /* PhotoEditorView.swift in Sources */,
				80BDE6F3D368CDFEF9B47F94 /* PhotoExportOptions.swift in Sources */,
				A13F2F03A8A014501652E4DA /* PhotoImagePipeline.swift in Sources */,
				FEA3FB36D13518F7DC203227 /* PhotoPreset.swift in Sources */,
				DBA26510024E937870AC7621 /* PhotoRenderers.swift in Sources */,
				2CA9F679AA28DA40DFF2A200 /* PresetRepository.swift in Sources */,
				1E5172512057B74B41A94AAF /* RAWEditState.swift in Sources */,
				947ABC884FCF60218AEA81BB /* RAWImagePipeline.swift in Sources */,
				6222B2A686277A86C813669B /* RAWJPEGPairing.swift in Sources */,
				6956A63CB6AE3A40E6E6A7D7 /* RAWPhotoEditorView.swift in Sources */,
				CFC844C79B1168F376C8890F /* SQLiteConnection.swift in Sources */,
				DF8674701F242EAE75A1B294 /* ScanControl.swift in Sources */,
				C4E4C81DF52D00F869948009 /* ScanCoordinator.swift in Sources */,
				DBD3A8A56734244DA9BC4425 /* StudioError.swift in Sources */,
				0A976276A612EDABEAFCFB1E /* ThumbnailLoader.swift in Sources */,
				7E75252EC4399E8328C4FB32 /* ThumbnailStore.swift in Sources */,
			);
			runOnlyForDeploymentPostprocessing = 0;
		};
		D1C8FD864CEFE6162F9E1AA9 /* Sources */ = {
			isa = PBXSourcesBuildPhase;
			buildActionMask = 2147483647;
			files = (
				EFA234327D9F661FDCCCF976 /* CatalogIndexingTests.swift in Sources */,
				2EF45CC39F8F480CD6D7967E /* CatalogStoreTests.swift in Sources */,
				013E530C73BD5679E53A8AA8 /* FoundationServicesTests.swift in Sources */,
				B40F99FBC1AAD902AE5E45B8 /* LibraryCatalogTests.swift in Sources */,
				96EEA8E33AAC98AD7D05C9B7 /* MediaScannerTests.swift in Sources */,
				93182D4623D9E7A5F524457F /* PhotoEditingTests.swift in Sources */,
				E9475AE7BCB6623DCBF9A709 /* ThumbnailLoaderTests.swift in Sources */,
			);
			runOnlyForDeploymentPostprocessing = 0;
		};
/* End PBXSourcesBuildPhase section */

/* Begin PBXTargetDependency section */
		1583539E9F1457349C13144C /* PBXTargetDependency */ = {
			isa = PBXTargetDependency;
			target = 9BC4143F4497B478AB1AB465 /* MacPhotoStudio */;
			targetProxy = 3F881E341BD9CE99540B6B9E /* PBXContainerItemProxy */;
		};
/* End PBXTargetDependency section */

/* Begin XCBuildConfiguration section */
		3701791585FAD159BDDE4592 /* Debug */ = {
			isa = XCBuildConfiguration;
			buildSettings = {
				ASSETCATALOG_COMPILER_APPICON_NAME = AppIcon;
				CODE_SIGN_ENTITLEMENTS = MacPhotoStudio/MacPhotoStudio.entitlements;
				COMBINE_HIDPI_IMAGES = YES;
				GENERATE_INFOPLIST_FILE = YES;
				INFOPLIST_KEY_CFBundleDisplayName = "Mac Photo Studio";
				LD_RUNPATH_SEARCH_PATHS = (
					"$(inherited)",
					"@executable_path/../Frameworks",
				);
				PRODUCT_BUNDLE_IDENTIFIER = com.macphotostudio.app;
				PRODUCT_NAME = MacPhotoStudio;
				SDKROOT = macosx;
				SWIFT_STRICT_CONCURRENCY = complete;
			};
			name = Debug;
		};
		659C63C9FD43693292B884F9 /* Debug */ = {
			isa = XCBuildConfiguration;
			buildSettings = {
				BUNDLE_LOADER = "$(TEST_HOST)";
				COMBINE_HIDPI_IMAGES = YES;
				GENERATE_INFOPLIST_FILE = YES;
				LD_RUNPATH_SEARCH_PATHS = (
					"$(inherited)",
					"@executable_path/../Frameworks",
					"@loader_path/../Frameworks",
				);
				PRODUCT_BUNDLE_IDENTIFIER = com.macphotostudio.tests;
				SDKROOT = macosx;
				SWIFT_STRICT_CONCURRENCY = complete;
				TEST_HOST = "$(BUILT_PRODUCTS_DIR)/MacPhotoStudio.app/Contents/MacOS/MacPhotoStudio";
			};
			name = Debug;
		};
		757DCF0A78B289C18F27223E /* Release */ = {
			isa = XCBuildConfiguration;
			buildSettings = {
				ALWAYS_SEARCH_USER_PATHS = NO;
				CLANG_ANALYZER_NONNULL = YES;
				CLANG_ANALYZER_NUMBER_OBJECT_CONVERSION = YES_AGGRESSIVE;
				CLANG_CXX_LANGUAGE_STANDARD = "gnu++14";
				CLANG_CXX_LIBRARY = "libc++";
				CLANG_ENABLE_MODULES = YES;
				CLANG_ENABLE_OBJC_ARC = YES;
				CLANG_ENABLE_OBJC_WEAK = YES;
				CLANG_WARN_BLOCK_CAPTURE_AUTORELEASING = YES;
				CLANG_WARN_BOOL_CONVERSION = YES;
				CLANG_WARN_COMMA = YES;
				CLANG_WARN_CONSTANT_CONVERSION = YES;
				CLANG_WARN_DEPRECATED_OBJC_IMPLEMENTATIONS = YES;
				CLANG_WARN_DIRECT_OBJC_ISA_USAGE = YES_ERROR;
				CLANG_WARN_DOCUMENTATION_COMMENTS = YES;
				CLANG_WARN_EMPTY_BODY = YES;
				CLANG_WARN_ENUM_CONVERSION = YES;
				CLANG_WARN_INFINITE_RECURSION = YES;
				CLANG_WARN_INT_CONVERSION = YES;
				CLANG_WARN_NON_LITERAL_NULL_CONVERSION = YES;
				CLANG_WARN_OBJC_IMPLICIT_RETAIN_SELF = YES;
				CLANG_WARN_OBJC_LITERAL_CONVERSION = YES;
				CLANG_WARN_OBJC_ROOT_CLASS = YES_ERROR;
				CLANG_WARN_QUOTED_INCLUDE_IN_FRAMEWORK_HEADER = YES;
				CLANG_WARN_RANGE_LOOP_ANALYSIS = YES;
				CLANG_WARN_STRICT_PROTOTYPES = YES;
				CLANG_WARN_SUSPICIOUS_MOVE = YES;
				CLANG_WARN_UNGUARDED_AVAILABILITY = YES_AGGRESSIVE;
				CLANG_WARN_UNREACHABLE_CODE = YES;
				CLANG_WARN__DUPLICATE_METHOD_MATCH = YES;
				COPY_PHASE_STRIP = NO;
				DEBUG_INFORMATION_FORMAT = "dwarf-with-dsym";
				ENABLE_NS_ASSERTIONS = NO;
				ENABLE_STRICT_OBJC_MSGSEND = YES;
				GCC_C_LANGUAGE_STANDARD = gnu11;
				GCC_NO_COMMON_BLOCKS = YES;
				GCC_WARN_64_TO_32_BIT_CONVERSION = YES;
				GCC_WARN_ABOUT_RETURN_TYPE = YES_ERROR;
				GCC_WARN_UNDECLARED_SELECTOR = YES;
				GCC_WARN_UNINITIALIZED_AUTOS = YES_AGGRESSIVE;
				GCC_WARN_UNUSED_FUNCTION = YES;
				GCC_WARN_UNUSED_VARIABLE = YES;
				MACOSX_DEPLOYMENT_TARGET = 15.0;
				MTL_ENABLE_DEBUG_INFO = NO;
				MTL_FAST_MATH = YES;
				PRODUCT_NAME = "$(TARGET_NAME)";
				SDKROOT = macosx;
				SWIFT_COMPILATION_MODE = wholemodule;
				SWIFT_OPTIMIZATION_LEVEL = "-O";
				SWIFT_VERSION = 6.0;
			};
			name = Release;
		};
		7AB64DB4BD946EB99105CC39 /* Debug */ = {
			isa = XCBuildConfiguration;
			buildSettings = {
				ALWAYS_SEARCH_USER_PATHS = NO;
				CLANG_ANALYZER_NONNULL = YES;
				CLANG_ANALYZER_NUMBER_OBJECT_CONVERSION = YES_AGGRESSIVE;
				CLANG_CXX_LANGUAGE_STANDARD = "gnu++14";
				CLANG_CXX_LIBRARY = "libc++";
				CLANG_ENABLE_MODULES = YES;
				CLANG_ENABLE_OBJC_ARC = YES;
				CLANG_ENABLE_OBJC_WEAK = YES;
				CLANG_WARN_BLOCK_CAPTURE_AUTORELEASING = YES;
				CLANG_WARN_BOOL_CONVERSION = YES;
				CLANG_WARN_COMMA = YES;
				CLANG_WARN_CONSTANT_CONVERSION = YES;
				CLANG_WARN_DEPRECATED_OBJC_IMPLEMENTATIONS = YES;
				CLANG_WARN_DIRECT_OBJC_ISA_USAGE = YES_ERROR;
				CLANG_WARN_DOCUMENTATION_COMMENTS = YES;
				CLANG_WARN_EMPTY_BODY = YES;
				CLANG_WARN_ENUM_CONVERSION = YES;
				CLANG_WARN_INFINITE_RECURSION = YES;
				CLANG_WARN_INT_CONVERSION = YES;
				CLANG_WARN_NON_LITERAL_NULL_CONVERSION = YES;
				CLANG_WARN_OBJC_IMPLICIT_RETAIN_SELF = YES;
				CLANG_WARN_OBJC_LITERAL_CONVERSION = YES;
				CLANG_WARN_OBJC_ROOT_CLASS = YES_ERROR;
				CLANG_WARN_QUOTED_INCLUDE_IN_FRAMEWORK_HEADER = YES;
				CLANG_WARN_RANGE_LOOP_ANALYSIS = YES;
				CLANG_WARN_STRICT_PROTOTYPES = YES;
				CLANG_WARN_SUSPICIOUS_MOVE = YES;
				CLANG_WARN_UNGUARDED_AVAILABILITY = YES_AGGRESSIVE;
				CLANG_WARN_UNREACHABLE_CODE = YES;
				CLANG_WARN__DUPLICATE_METHOD_MATCH = YES;
				COPY_PHASE_STRIP = NO;
				DEBUG_INFORMATION_FORMAT = dwarf;
				ENABLE_STRICT_OBJC_MSGSEND = YES;
				ENABLE_TESTABILITY = YES;
				GCC_C_LANGUAGE_STANDARD = gnu11;
				GCC_DYNAMIC_NO_PIC = NO;
				GCC_NO_COMMON_BLOCKS = YES;
				GCC_OPTIMIZATION_LEVEL = 0;
				GCC_PREPROCESSOR_DEFINITIONS = (
					"$(inherited)",
					"DEBUG=1",
				);
				GCC_WARN_64_TO_32_BIT_CONVERSION = YES;
				GCC_WARN_ABOUT_RETURN_TYPE = YES_ERROR;
				GCC_WARN_UNDECLARED_SELECTOR = YES;
				GCC_WARN_UNINITIALIZED_AUTOS = YES_AGGRESSIVE;
				GCC_WARN_UNUSED_FUNCTION = YES;
				GCC_WARN_UNUSED_VARIABLE = YES;
				MACOSX_DEPLOYMENT_TARGET = 15.0;
				MTL_ENABLE_DEBUG_INFO = INCLUDE_SOURCE;
				MTL_FAST_MATH = YES;
				ONLY_ACTIVE_ARCH = YES;
				PRODUCT_NAME = "$(TARGET_NAME)";
				SDKROOT = macosx;
				SWIFT_ACTIVE_COMPILATION_CONDITIONS = DEBUG;
				SWIFT_OPTIMIZATION_LEVEL = "-Onone";
				SWIFT_VERSION = 6.0;
			};
			name = Debug;
		};
		A175C0B88BAA649FE647CCEA /* Release */ = {
			isa = XCBuildConfiguration;
			buildSettings = {
				ASSETCATALOG_COMPILER_APPICON_NAME = AppIcon;
				CODE_SIGN_ENTITLEMENTS = MacPhotoStudio/MacPhotoStudio.entitlements;
				COMBINE_HIDPI_IMAGES = YES;
				GENERATE_INFOPLIST_FILE = YES;
				INFOPLIST_KEY_CFBundleDisplayName = "Mac Photo Studio";
				LD_RUNPATH_SEARCH_PATHS = (
					"$(inherited)",
					"@executable_path/../Frameworks",
				);
				PRODUCT_BUNDLE_IDENTIFIER = com.macphotostudio.app;
				PRODUCT_NAME = MacPhotoStudio;
				SDKROOT = macosx;
				SWIFT_STRICT_CONCURRENCY = complete;
			};
			name = Release;
		};
		EC4B94170EF9EF68AE923E01 /* Release */ = {
			isa = XCBuildConfiguration;
			buildSettings = {
				BUNDLE_LOADER = "$(TEST_HOST)";
				COMBINE_HIDPI_IMAGES = YES;
				GENERATE_INFOPLIST_FILE = YES;
				LD_RUNPATH_SEARCH_PATHS = (
					"$(inherited)",
					"@executable_path/../Frameworks",
					"@loader_path/../Frameworks",
				);
				PRODUCT_BUNDLE_IDENTIFIER = com.macphotostudio.tests;
				SDKROOT = macosx;
				SWIFT_STRICT_CONCURRENCY = complete;
				TEST_HOST = "$(BUILT_PRODUCTS_DIR)/MacPhotoStudio.app/Contents/MacOS/MacPhotoStudio";
			};
			name = Release;
		};
/* End XCBuildConfiguration section */

/* Begin XCConfigurationList section */
		0C13D7F01234C4652F38853D /* Build configuration list for PBXNativeTarget "MacPhotoStudioTests" */ = {
			isa = XCConfigurationList;
			buildConfigurations = (
				659C63C9FD43693292B884F9 /* Debug */,
				EC4B94170EF9EF68AE923E01 /* Release */,
			);
			defaultConfigurationIsVisible = 0;
			defaultConfigurationName = Debug;
		};
		7195361EC48B19C489C39DD8 /* Build configuration list for PBXProject "MacPhotoStudio" */ = {
			isa = XCConfigurationList;
			buildConfigurations = (
				7AB64DB4BD946EB99105CC39 /* Debug */,
				757DCF0A78B289C18F27223E /* Release */,
			);
			defaultConfigurationIsVisible = 0;
			defaultConfigurationName = Debug;
		};
		A10E25DF9A82E8B01FCCC082 /* Build configuration list for PBXNativeTarget "MacPhotoStudio" */ = {
			isa = XCConfigurationList;
			buildConfigurations = (
				3701791585FAD159BDDE4592 /* Debug */,
				A175C0B88BAA649FE647CCEA /* Release */,
			);
			defaultConfigurationIsVisible = 0;
			defaultConfigurationName = Debug;
		};
/* End XCConfigurationList section */
	};
	rootObject = D17E1751F82EB3DEC0D852A4 /* Project object */;
}
